#MicroXplorer Configuration settings - do not modify
ADC.Channel-4\#ChannelRegularConversion=ADC_CHANNEL_0
ADC.ChannelsBank=ADC_CHANNELS_BANK_A
ADC.ClockPrescaler=ADC_CLOCK_ASYNC_DIV1
ADC.ContinuousConvMode=DISABLE
ADC.DMAContinuousRequests=DISABLE
ADC.DataAlign=ADC_DATAALIGN_RIGHT
ADC.DiscontinuousConvMode=DISABLE
ADC.EOCSelection=ADC_EOC_SEQ_CONV
ADC.EnableAnalogWatchDog=false
ADC.ExternalTrigConvEdge=ADC_EXTERNALTRIGCONVEDGE_NONE
ADC.IPParameters=Rank-4\#ChannelRegularConversion,Channel-4\#ChannelRegularConversion,SamplingTime-4\#ChannelRegularConversion,NbrOfConversionFlag,ClockPrescaler,ChannelsBank,Resolution,DataAlign,ScanConvMode,ContinuousConvMode,DiscontinuousConvMode,DMAContinuousRequests,EOCSelection,LowPowerAutoWait,LowPowerAutoPowerOff,NbrOfConversion,ExternalTrigConvEdge,InjNumberOfConversion,EnableAnalogWatchDog
ADC.InjNumberOfConversion=0
ADC.LowPowerAutoPowerOff=ADC_AUTOPOWEROFF_DISABLE
ADC.LowPowerAutoWait=ADC_AUTOWAIT_DISABLE
ADC.NbrOfConversion=1
ADC.NbrOfConversionFlag=1
ADC.Rank-4\#ChannelRegularConversion=1
ADC.Resolution=ADC_RESOLUTION_12B
ADC.SamplingTime-4\#ChannelRegularConversion=ADC_SAMPLETIME_4CYCLES
ADC.ScanConvMode=ADC_SCAN_DISABLE
Dma.ADC.0.Direction=DMA_PERIPH_TO_MEMORY
Dma.ADC.0.Instance=DMA1_Channel1
Dma.ADC.0.MemDataAlignment=DMA_MDATAALIGN_BYTE
Dma.ADC.0.MemInc=DMA_MINC_ENABLE
Dma.ADC.0.Mode=DMA_NORMAL
Dma.ADC.0.PeriphDataAlignment=DMA_PDATAALIGN_BYTE
Dma.ADC.0.PeriphInc=DMA_PINC_DISABLE
Dma.ADC.0.Priority=DMA_PRIORITY_VERY_HIGH
Dma.ADC.0.RequestParameters=Instance,Direction,PeriphInc,MemInc,PeriphDataAlignment,MemDataAlignment,Mode,Priority
Dma.Request0=ADC
Dma.RequestsNb=1
FREERTOS.FootprintOK=true
FREERTOS.IPParameters=Tasks01,FootprintOK
FREERTOS.Tasks01=defaultTask,0,128,StartDefaultTask,Default
File.Version=6
KeepUserPlacement=true
Mcu.Family=STM32L1
Mcu.IP0=ADC
Mcu.IP1=DMA
Mcu.IP10=USART3
Mcu.IP11=USB
Mcu.IP12=USB_DEVICE
Mcu.IP13=WWDG
Mcu.IP2=FREERTOS
Mcu.IP3=I2C1
Mcu.IP4=NVIC
Mcu.IP5=RCC
Mcu.IP6=SYS
Mcu.IP7=TIM2
Mcu.IP8=TIM3
Mcu.IP9=USART2
Mcu.IPNb=14
Mcu.Name=STM32L152RETx
Mcu.Package=LQFP64
Mcu.Pin0=PC13-WKUP2
Mcu.Pin1=PC14-OSC32_IN
Mcu.Pin10=PA7
Mcu.Pin11=PB1
Mcu.Pin12=PB10
Mcu.Pin13=PB11
Mcu.Pin14=PB12
Mcu.Pin15=PB13
Mcu.Pin16=PB14
Mcu.Pin17=PB15
Mcu.Pin18=PA8
Mcu.Pin19=PA11
Mcu.Pin2=PC15-OSC32_OUT
Mcu.Pin20=PA12
Mcu.Pin21=PA13
Mcu.Pin22=PA14
Mcu.Pin23=PA15
Mcu.Pin24=PB3
Mcu.Pin25=PB6
Mcu.Pin26=PB7
Mcu.Pin27=PB8
Mcu.Pin28=PB9
Mcu.Pin29=VP_FREERTOS_VS_ENABLE
Mcu.Pin3=PH0-OSC_IN
Mcu.Pin30=VP_SYS_VS_tim4
Mcu.Pin31=VP_TIM2_VS_ClockSourceINT
Mcu.Pin32=VP_TIM3_VS_ClockSourceINT
Mcu.Pin33=VP_USB_DEVICE_VS_USB_DEVICE_CDC_FS
Mcu.Pin34=VP_WWDG_VS_WWDG
Mcu.Pin4=PH1-OSC_OUT
Mcu.Pin5=PA0-WKUP1
Mcu.Pin6=PA2
Mcu.Pin7=PA3
Mcu.Pin8=PA4
Mcu.Pin9=PA5
Mcu.PinsNb=35
Mcu.UserConstants=
Mcu.UserName=STM32L152RETx
MxCube.Version=4.15.0
MxDb.Version=DB.4.0.150
NVIC.BusFault_IRQn=true\:0\:0\:false\:false\:false\:false
NVIC.DMA1_Channel1_IRQn=true\:5\:0\:false\:false\:true\:true
NVIC.DebugMonitor_IRQn=true\:0\:0\:false\:false\:false\:false
NVIC.HardFault_IRQn=true\:0\:0\:false\:false\:false\:false
NVIC.MemoryManagement_IRQn=true\:0\:0\:false\:false\:false\:false
NVIC.NonMaskableInt_IRQn=true\:0\:0\:false\:false\:false\:false
NVIC.PendSV_IRQn=true\:15\:0\:false\:false\:false\:true
NVIC.PriorityGroup=NVIC_PRIORITYGROUP_4
NVIC.SVC_IRQn=true\:0\:0\:false\:false\:false\:false
NVIC.SysTick_IRQn=true\:15\:0\:true\:false\:true\:true
NVIC.TIM4_IRQn=true\:0\:0\:false\:false\:true\:false
NVIC.TimeBase=TIM4_IRQn
NVIC.TimeBaseIP=TIM4
NVIC.USB_LP_IRQn=true\:5\:0\:false\:false\:true\:true
NVIC.UsageFault_IRQn=true\:0\:0\:false\:false\:false\:false
PA0-WKUP1.GPIOParameters=GPIO_Label
PA0-WKUP1.GPIO_Label=AUD
PA0-WKUP1.Mode=IN0
PA0-WKUP1.Signal=ADC_IN0
PA11.Mode=Device
PA11.Signal=USB_DM
PA12.Mode=Device
PA12.Signal=USB_DP
PA13.GPIOParameters=GPIO_Label
PA13.GPIO_Label=TMS
PA13.Locked=true
PA13.Mode=JTAG_4_pins
PA13.Signal=SYS_JTMS-SWDIO
PA14.GPIOParameters=GPIO_Label
PA14.GPIO_Label=TCK
PA14.Locked=true
PA14.Mode=JTAG_4_pins
PA14.Signal=SYS_JTCK-SWCLK
PA15.Mode=JTAG_4_pins
PA15.Signal=SYS_JTDI
PA2.GPIOParameters=GPIO_Label
PA2.GPIO_Label=USART_TX
PA2.Locked=true
PA2.Mode=Asynchronous
PA2.Signal=USART2_TX
PA3.GPIOParameters=GPIO_Label
PA3.GPIO_Label=USART_RX
PA3.Locked=true
PA3.Mode=Asynchronous
PA3.Signal=USART2_RX
PA4.GPIOParameters=GPIO_Label
PA4.GPIO_Label=AUD
PA4.Locked=true
PA4.Mode=IN4
PA4.Signal=ADC_IN4
PA5.GPIOParameters=GPIO_Label
PA5.GPIO_Label=LD2 [Green Led]
PA5.Locked=true
PA5.Signal=GPIO_Output
PA7.GPIOParameters=GPIO_Label
PA7.GPIO_Label=CHARGE_ON
PA7.Locked=true
PA7.Signal=GPIO_Output
PA8.GPIOParameters=GPIO_Label
PA8.GPIO_Label=HEAT_ON
PA8.Locked=true
PA8.Signal=GPIO_Output
PB1.GPIOParameters=GPIO_Label
PB1.GPIO_Label=TAM_PWR
PB1.Locked=true
PB1.Signal=GPIO_Output
PB10.GPIOParameters=GPIO_Label
PB10.GPIO_Label=TX_BGM111
PB10.Mode=Asynchronous
PB10.Signal=USART3_TX
PB11.GPIOParameters=GPIO_Label
PB11.GPIO_Label=RX_BGM111
PB11.Mode=Asynchronous
PB11.Signal=USART3_RX
PB12.GPIOParameters=GPIO_Label
PB12.GPIO_Label=LED_MICRO
PB12.Locked=true
PB12.Signal=GPIO_Output
PB13.GPIOParameters=GPIO_Label
PB13.GPIO_Label=CTS_BGM111
PB13.Mode=CTS_RTS
PB13.Signal=USART3_CTS
PB14.GPIOParameters=GPIO_Label
PB14.GPIO_Label=RTS_BGM111
PB14.Mode=CTS_RTS
PB14.Signal=USART3_RTS
PB15.GPIOParameters=GPIO_Label
PB15.GPIO_Label=RESET_BGM111
PB15.Locked=true
PB15.Signal=GPIO_Output
PB3.GPIOParameters=GPIO_Label
PB3.GPIO_Label=SWO
PB3.Locked=true
PB3.Mode=JTAG_4_pins
PB3.Signal=SYS_JTDO-TRACESWO
PB6.GPIOParameters=GPIO_Label
PB6.GPIO_Label=I2C_SCL
PB6.Mode=I2C
PB6.Signal=I2C1_SCL
PB7.GPIOParameters=GPIO_Label
PB7.GPIO_Label=I2C_SDA
PB7.Mode=I2C
PB7.Signal=I2C1_SDA
PB8.GPIOParameters=GPIO_Label
PB8.GPIO_Label=LED_STATUS
PB8.Locked=true
PB8.Signal=GPIO_Output
PB9.GPIOParameters=GPIO_Label
PB9.GPIO_Label=LED_BGM111
PB9.Locked=true
PB9.Signal=GPIO_Output
PC13-WKUP2.GPIOParameters=GPIO_Label
PC13-WKUP2.GPIO_Label=B1 [Blue PushButton]
PC13-WKUP2.Locked=true
PC13-WKUP2.Signal=GPIO_Input
PC14-OSC32_IN.GPIOParameters=GPIO_Label
PC14-OSC32_IN.GPIO_Label=NA
PC14-OSC32_IN.Signal=RCC_OSC32_IN
PC15-OSC32_OUT.GPIOParameters=GPIO_Label
PC15-OSC32_OUT.GPIO_Label=NA
PC15-OSC32_OUT.Signal=RCC_OSC32_OUT
PCC.Checker=true
PCC.Line=STM32L151/152
PCC.MCU=STM32L152RETx
PCC.MXVersion=4.17.0
PCC.PartNumber=STM32L152RETx
PCC.Seq0=0
PCC.Series=STM32L1
PCC.Temperature=25
PCC.Vdd=3.0
PH0-OSC_IN.Locked=true
PH0-OSC_IN.Mode=HSE-External-Oscillator
PH0-OSC_IN.Signal=RCC_OSC_IN
PH1-OSC_OUT.Locked=true
PH1-OSC_OUT.Mode=HSE-External-Oscillator
PH1-OSC_OUT.Signal=RCC_OSC_OUT
ProjectManager.AskForMigrate=false
ProjectManager.BackupPrevious=false
ProjectManager.CompilerOptimize=2
ProjectManager.ComputerToolchain=false
ProjectManager.CoupleFile=true
ProjectManager.DeletePrevious=true
ProjectManager.DeviceId=STM32L152RETx
ProjectManager.FirmwarePackage=STM32Cube FW_L1 V1.5.0
ProjectManager.FreePins=true
ProjectManager.HalAssertFull=false
ProjectManager.HeapSize=0x200
ProjectManager.KeepUserCode=true
ProjectManager.LastFirmware=true
ProjectManager.LibraryCopy=0
ProjectManager.PreviousToolchain=
ProjectManager.ProjectBuild=false
ProjectManager.ProjectFileName=Road Board Rev K NUCLEO V1.1 Jul 12 2016.ioc
ProjectManager.ProjectName=Road Board Rev K NUCLEO V1.1 Jul 12 2016
ProjectManager.StackSize=0x400
ProjectManager.TargetToolchain=EWARM
ProjectManager.ToolChainLocation=D\:\\GoogleDriveCLT\\GoogleDrive\\WeatherCloud\\Roadboard\\Nucleo\\stm32cubemx\\Output\\Road Board Rev K NUCLEO V1.1 Jul 12 2016
ProjectManager.UnderRoot=false
ProjectManager.functionlistsort=1-MX_GPIO_Init-GPIO-false-HAL,2-MX_DMA_Init-DMA-false-HAL,3-MX_ADC_Init-ADC-false-HAL,4-MX_I2C1_Init-I2C1-false-HAL,5-MX_USART2_UART_Init-USART2-false-HAL,6-MX_USART3_UART_Init-USART3-false-HAL,7-MX_WWDG_Init-WWDG-false-HAL,8-MX_TIM2_Init-TIM2-false-HAL,9-MX_TIM3_Init-TIM3-false-HAL,10-MX_USB_DEVICE_Init-USB_DEVICE-false-HAL,11-SystemClock_Config-RCC-false-HAL
RCC.AHBFreq_Value=32000000
RCC.APB1Freq_Value=32000000
RCC.APB1TimFreq_Value=32000000
RCC.APB2Freq_Value=32000000
RCC.APB2TimFreq_Value=32000000
RCC.FCLKCortexFreq_Value=32000000
RCC.FamilyName=M
RCC.HCLKFreq_Value=32000000
RCC.HSE_VALUE=8000000
RCC.HSI_VALUE=16000000
RCC.IPParameters=AHBFreq_Value,APB1Freq_Value,APB1TimFreq_Value,APB2Freq_Value,APB2TimFreq_Value,FCLKCortexFreq_Value,FamilyName,HCLKFreq_Value,HSE_VALUE,HSI_VALUE,LCDFreq_Value,LSE_VALUE,LSI_VALUE,MCOPinFreq_Value,MSI_VALUE,PLLCLKFreq_Value,PLLDIV,PLLMUL,PWRFreq_Value,RTCClockSelectionVirtual,RTCFreq_Value,RTCHSEDivFreq_Value,SYSCLKFreq_VALUE,SYSCLKSource,TIMFreq_Value,TimerFreq_Value,USBOutput,VCOInputFreq_Value,VCOOutputFreq_Value
RCC.LCDFreq_Value=32768
RCC.LSE_VALUE=32768
RCC.LSI_VALUE=37000
RCC.MCOPinFreq_Value=32000000
RCC.MSI_VALUE=2097000
RCC.PLLCLKFreq_Value=32000000
RCC.PLLDIV=RCC_PLL_DIV3
RCC.PLLMUL=RCC_PLL_MUL12
RCC.PWRFreq_Value=32000000
RCC.RTCClockSelectionVirtual=RCC_RTCCLKSOURCE_LSE
RCC.RTCFreq_Value=32768
RCC.RTCHSEDivFreq_Value=4000000
RCC.SYSCLKFreq_VALUE=32000000
RCC.SYSCLKSource=RCC_SYSCLKSOURCE_PLLCLK
RCC.TIMFreq_Value=32000000
RCC.TimerFreq_Value=32000000
RCC.USBOutput=48000000
RCC.VCOInputFreq_Value=8000000
RCC.VCOOutputFreq_Value=96000000
TIM2.IPParameters=Prescaler,Period
TIM2.Period=1000
TIM2.Prescaler=16000
TIM3.IPParameters=Prescaler,Period
TIM3.Period=2
TIM3.Prescaler=8000
USART3.BaudRate=9600
USART3.IPParameters=BaudRate
USB_DEVICE.CLASS_NAME_FS=CDC
USB_DEVICE.IPParameters=VirtualMode,VirtualModeFS,USBD_HandleTypeDef,CLASS_NAME_FS
USB_DEVICE.USBD_HandleTypeDef=hUsbDeviceFS
USB_DEVICE.VirtualMode=Cdc
USB_DEVICE.VirtualModeFS=Cdc_FS
VP_FREERTOS_VS_ENABLE.Mode=Enabled
VP_FREERTOS_VS_ENABLE.Signal=FREERTOS_VS_ENABLE
VP_SYS_VS_tim4.Mode=TIM4
VP_SYS_VS_tim4.Signal=SYS_VS_tim4
VP_TIM2_VS_ClockSourceINT.Mode=Internal
VP_TIM2_VS_ClockSourceINT.Signal=TIM2_VS_ClockSourceINT
VP_TIM3_VS_ClockSourceINT.Mode=Internal
VP_TIM3_VS_ClockSourceINT.Signal=TIM3_VS_ClockSourceINT
VP_USB_DEVICE_VS_USB_DEVICE_CDC_FS.Mode=CDC_FS
VP_USB_DEVICE_VS_USB_DEVICE_CDC_FS.Signal=USB_DEVICE_VS_USB_DEVICE_CDC_FS
VP_WWDG_VS_WWDG.Mode=WWDG_Activate
VP_WWDG_VS_WWDG.Signal=WWDG_VS_WWDG
WWDG.IPParameters=Prescaler
WWDG.Prescaler=WWDG_PRESCALER_8
board=NUCLEO-L152RE
boardIOC=true
